
Microsoft Visual Studio Solution File, Format Version 12.00
# Visual Studio Version 17
VisualStudioVersion = 17.7.34221.43
MinimumVisualStudioVersion = 10.0.40219.1
Project("{FAE04EC0-301F-11D3-BF4B-00C04F79EFBC}") = "gioco", "gioco\gioco.csproj", "{28E4F2B1-A6C4-4489-B0F9-7E1C73AEC22B}"
EndProject
Global
	GlobalSection(SolutionConfigurationPlatforms) = preSolution
		Debug|Any CPU = Debug|Any CPU
		Release|Any CPU = Release|Any CPU
	EndGlobalSection
	GlobalSection(ProjectConfigurationPlatforms) = postSolution
		{28E4F2B1-A6C4-4489-B0F9-7E1C73AEC22B}.Debug|Any CPU.ActiveCfg = Debug|Any CPU
		{28E4F2B1-A6C4-4489-B0F9-7E1C73AEC22B}.Debug|Any CPU.Build.0 = Debug|Any CPU
		{28E4F2B1-A6C4-4489-B0F9-7E1C73AEC22B}.Release|Any CPU.ActiveCfg = Release|Any CPU
		{28E4F2B1-A6C4-4489-B0F9-7E1C73AEC22B}.Release|Any CPU.Build.0 = Release|Any CPU
	EndGlobalSection
	GlobalSection(SolutionProperties) = preSolution
		HideSolutionNode = FALSE
	EndGlobalSection
	GlobalSection(ExtensibilityGlobals) = postSolution
		SolutionGuid = {A420F1C7-A305-4792-B9C8-A5625E49ACFF}
	EndGlobalSection
EndGlobal
